{
  "name": "@capire/orders",
  "version": "1.0.0",
  "lockfileVersion": 2,
  "requires": true,
  "packages": {
    "": {
      "name": "@capire/orders",
      "version": "1.0.0",
      "dependencies": {
        "@sap/cds": ">=5"
      }
    },
    "node_modules/@sap/cds": {
      "version": "6.3.2",
      "resolved": "https://registry.npmjs.org/@sap/cds/-/cds-6.3.2.tgz",
      "integrity": "sha512-cR3mMnnlsss2l8FMXiBjcfQHcG5X7Nc8JZR7t6K3Cd/rc94XPPUyGOSVOyI25H5rTM3J2dSGcYneX3PCOCl8aw==",
      "dependencies": {
        "@sap/cds-compiler": "^3.2.0",
        "@sap/cds-foss": "^4"
      },
      "bin": {
        "cds": "bin/cds.js"
      },
      "engines": {
        "node": ">=14.18.0"
      }
    },
    "node_modules/@sap/cds-compiler": {
      "version": "3.4.4",
      "resolved": "https://registry.npmjs.org/@sap/cds-compiler/-/cds-compiler-3.4.4.tgz",
      "integrity": "sha512-8y2MvAfkAvwALSPUzxlYZC98sj3x1W+VddFfQh8gqhC0VIcVGsAoTWlOHV0XTFIc3FHps98elCz8W+4aEWNkXg==",
      "dependencies": {
        "antlr4": "4.9.3"
      },
      "bin": {
        "cdsc": "bin/cdsc.js",
        "cdshi": "bin/cdshi.js",
        "cdsse": "bin/cdsse.js"
      },
      "engines": {
        "node": ">=14"
      }
    },
    "node_modules/@sap/cds-foss": {
      "version": "4.0.0",
      "resolved": "https://registry.npmjs.org/@sap/cds-foss/-/cds-foss-4.0.0.tgz",
      "integrity": "sha512-66enuhyx+SdcIgdYstLGk31GFWDyK+Ch5+bWFRYJJ8340izZJlgyCYtHjZI1m9j4tNxWg9ZhkbFkXG5d80xWdw==",
      "dependencies": {
        "big.js": "^6.1.1",
        "generic-pool": "^3.8.2",
        "uuid": "^8.3.2",
        "xmlbuilder": "^15.1.1",
        "yaml": "^2.1.1"
      },
      "engines": {
        "node": ">=14"
      }
    },
    "node_modules/antlr4": {
      "version": "4.9.3",
      "resolved": "https://registry.npmjs.org/antlr4/-/antlr4-4.9.3.tgz",
      "integrity": "sha512-qNy2odgsa0skmNMCuxzXhM4M8J1YDaPv3TI+vCdnOAanu0N982wBrSqziDKRDctEZLZy9VffqIZXc0UGjjSP/g==",
      "engines": {
        "node": ">=14"
      }
    },
    "node_modules/big.js": {
      "version": "6.2.1",
      "resolved": "https://registry.npmjs.org/big.js/-/big.js-6.2.1.tgz",
      "integrity": "sha512-bCtHMwL9LeDIozFn+oNhhFoq+yQ3BNdnsLSASUxLciOb1vgvpHsIO1dsENiGMgbb4SkP5TrzWzRiLddn8ahVOQ==",
      "engines": {
        "node": "*"
      },
      "funding": {
        "type": "opencollective",
        "url": "https://opencollective.com/bigjs"
      }
    },
    "node_modules/generic-pool": {
      "version": "3.9.0",
      "resolved": "https://registry.npmjs.org/generic-pool/-/generic-pool-3.9.0.tgz",
      "integrity": "sha512-hymDOu5B53XvN4QT9dBmZxPX4CWhBPPLguTZ9MMFeFa/Kg0xWVfylOVNlJji/E7yTZWFd/q9GO5TxDLq156D7g==",
      "engines": {
        "node": ">= 4"
      }
    },
    "node_modules/uuid": {
      "version": "8.3.2",
      "resolved": "https://registry.npmjs.org/uuid/-/uuid-8.3.2.tgz",
      "integrity": "sha512-+NYs2QeMWy+GWFOEm9xnn6HCDp0l7QBD7ml8zLUmJ+93Q5NF0NocErnwkTkXVFNiX3/fpC6afS8Dhb/gz7R7eg==",
      "bin": {
        "uuid": "dist/bin/uuid"
      }
    },
    "node_modules/xmlbuilder": {
      "version": "15.1.1",
      "resolved": "https://registry.npmjs.org/xmlbuilder/-/xmlbuilder-15.1.1.tgz",
      "integrity": "sha512-yMqGBqtXyeN1e3TGYvgNgDVZ3j84W4cwkOXQswghol6APgZWaff9lnbvN7MHYJOiXsvGPXtjTYJEiC9J2wv9Eg==",
      "engines": {
        "node": ">=8.0"
      }
    },
    "node_modules/yaml": {
      "version": "2.1.3",
      "resolved": "https://registry.npmjs.org/yaml/-/yaml-2.1.3.tgz",
      "integrity": "sha512-AacA8nRULjKMX2DvWvOAdBZMOfQlypSFkjcOcu9FalllIDJ1kvlREzcdIZmidQUqqeMv7jorHjq2HlLv/+c2lg==",
      "engines": {
        "node": ">= 14"
      }
    }
  },
  "dependencies": {
    "@sap/cds": {
      "version": "6.3.2",
      "resolved": "https://registry.npmjs.org/@sap/cds/-/cds-6.3.2.tgz",
      "integrity": "sha512-cR3mMnnlsss2l8FMXiBjcfQHcG5X7Nc8JZR7t6K3Cd/rc94XPPUyGOSVOyI25H5rTM3J2dSGcYneX3PCOCl8aw==",
      "requires": {
        "@sap/cds-compiler": "^3.2.0",
        "@sap/cds-foss": "^4"
      }
    },
    "@sap/cds-compiler": {
      "version": "3.4.4",
      "resolved": "https://registry.npmjs.org/@sap/cds-compiler/-/cds-compiler-3.4.4.tgz",
      "integrity": "sha512-8y2MvAfkAvwALSPUzxlYZC98sj3x1W+VddFfQh8gqhC0VIcVGsAoTWlOHV0XTFIc3FHps98elCz8W+4aEWNkXg==",
      "requires": {
        "antlr4": "4.9.3"
      }
    },
    "@sap/cds-foss": {
      "version": "4.0.0",
      "resolved": "https://registry.npmjs.org/@sap/cds-foss/-/cds-foss-4.0.0.tgz",
      "integrity": "sha512-66enuhyx+SdcIgdYstLGk31GFWDyK+Ch5+bWFRYJJ8340izZJlgyCYtHjZI1m9j4tNxWg9ZhkbFkXG5d80xWdw==",
      "requires": {
        "big.js": "^6.1.1",
        "generic-pool": "^3.8.2",
        "uuid": "^8.3.2",
        "xmlbuilder": "^15.1.1",
        "yaml": "^2.1.1"
      }
    },
    "antlr4": {
      "version": "4.9.3",
      "resolved": "https://registry.npmjs.org/antlr4/-/antlr4-4.9.3.tgz",
      "integrity": "sha512-qNy2odgsa0skmNMCuxzXhM4M8J1YDaPv3TI+vCdnOAanu0N982wBrSqziDKRDctEZLZy9VffqIZXc0UGjjSP/g=="
    },
    "big.js": {
      "version": "6.2.1",
      "resolved": "https://registry.npmjs.org/big.js/-/big.js-6.2.1.tgz",
      "integrity": "sha512-bCtHMwL9LeDIozFn+oNhhFoq+yQ3BNdnsLSASUxLciOb1vgvpHsIO1dsENiGMgbb4SkP5TrzWzRiLddn8ahVOQ=="
    },
    "generic-pool": {
      "version": "3.9.0",
      "resolved": "https://registry.npmjs.org/generic-pool/-/generic-pool-3.9.0.tgz",
      "integrity": "sha512-hymDOu5B53XvN4QT9dBmZxPX4CWhBPPLguTZ9MMFeFa/Kg0xWVfylOVNlJji/E7yTZWFd/q9GO5TxDLq156D7g=="
    },
    "uuid": {
      "version": "8.3.2",
      "resolved": "https://registry.npmjs.org/uuid/-/uuid-8.3.2.tgz",
      "integrity": "sha512-+NYs2QeMWy+GWFOEm9xnn6HCDp0l7QBD7ml8zLUmJ+93Q5NF0NocErnwkTkXVFNiX3/fpC6afS8Dhb/gz7R7eg=="
    },
    "xmlbuilder": {
      "version": "15.1.1",
      "resolved": "https://registry.npmjs.org/xmlbuilder/-/xmlbuilder-15.1.1.tgz",
      "integrity": "sha512-yMqGBqtXyeN1e3TGYvgNgDVZ3j84W4cwkOXQswghol6APgZWaff9lnbvN7MHYJOiXsvGPXtjTYJEiC9J2wv9Eg=="
    },
    "yaml": {
      "version": "2.1.3",
      "resolved": "https://registry.npmjs.org/yaml/-/yaml-2.1.3.tgz",
      "integrity": "sha512-AacA8nRULjKMX2DvWvOAdBZMOfQlypSFkjcOcu9FalllIDJ1kvlREzcdIZmidQUqqeMv7jorHjq2HlLv/+c2lg=="
    }
  }
}
